
Microsoft Visual Studio Solution File, Format Version 12.00
# Visual Studio Version 17
VisualStudioVersion = 17.4.33205.214
MinimumVisualStudioVersion = 10.0.40219.1
Project("{9A19103F-16F7-4668-BE54-9A1E7A4F7556}") = "YetAnotherCryptography.DLL", "YetAnotherCryptography.DLL\YetAnotherCryptography.DLL.csproj", "{0614A54F-9854-4A0D-A087-C00CC5892006}"
EndProject
Project("{9A19103F-16F7-4668-BE54-9A1E7A4F7556}") = "YetAnotherCryptography.Desktop", "YetAnotherCryptography.Desktop\YetAnotherCryptography.Desktop.csproj", "{6A7E84CD-CEA3-4D24-B1C6-1594E2C579B4}"
EndProject
Global
	GlobalSection(SolutionConfigurationPlatforms) = preSolution
		Debug|Any CPU = Debug|Any CPU
		Release|Any CPU = Release|Any CPU
	EndGlobalSection
	GlobalSection(ProjectConfigurationPlatforms) = postSolution
		{0614A54F-9854-4A0D-A087-C00CC5892006}.Debug|Any CPU.ActiveCfg = Debug|Any CPU
		{0614A54F-9854-4A0D-A087-C00CC5892006}.Debug|Any CPU.Build.0 = Debug|Any CPU
		{0614A54F-9854-4A0D-A087-C00CC5892006}.Release|Any CPU.ActiveCfg = Release|Any CPU
		{0614A54F-9854-4A0D-A087-C00CC5892006}.Release|Any CPU.Build.0 = Release|Any CPU
		{6A7E84CD-CEA3-4D24-B1C6-1594E2C579B4}.Debug|Any CPU.ActiveCfg = Debug|Any CPU
		{6A7E84CD-CEA3-4D24-B1C6-1594E2C579B4}.Debug|Any CPU.Build.0 = Debug|Any CPU
		{6A7E84CD-CEA3-4D24-B1C6-1594E2C579B4}.Release|Any CPU.ActiveCfg = Release|Any CPU
		{6A7E84CD-CEA3-4D24-B1C6-1594E2C579B4}.Release|Any CPU.Build.0 = Release|Any CPU
	EndGlobalSection
	GlobalSection(SolutionProperties) = preSolution
		HideSolutionNode = FALSE
	EndGlobalSection
	GlobalSection(ExtensibilityGlobals) = postSolution
		SolutionGuid = {6394FB2C-9164-4263-A826-662409554C55}
	EndGlobalSection
EndGlobal
